// !$*UTF8*$!
{
	archiveVersion = 1;
	classes = {
	};
	objectVersion = 46;
	objects = {

/* Begin PBXBuildFile section */
		33A15ACC1C2FFD2A00C79B3B /* ResultViewController.swift in Sources */ = {isa = PBXBuildFile; fileRef = 33A15ACB1C2FFD2A00C79B3B /* ResultViewController.swift */; };
		33BF8D751C2ED794003A1A15 /* AppDelegate.swift in Sources */ = {isa = PBXBuildFile; fileRef = 33BF8D741C2ED794003A1A15 /* AppDelegate.swift */; };
		33BF8D771C2ED794003A1A15 /* ViewController.swift in Sources */ = {isa = PBXBuildFile; fileRef = 33BF8D761C2ED794003A1A15 /* ViewController.swift */; };
		33BF8D7A1C2ED795003A1A15 /* Main.storyboard in Resources */ = {isa = PBXBuildFile; fileRef = 33BF8D781C2ED795003A1A15 /* Main.storyboard */; };
		33BF8D7C1C2ED795003A1A15 /* Assets.xcassets in Resources */ = {isa = PBXBuildFile; fileRef = 33BF8D7B1C2ED795003A1A15 /* Assets.xcassets */; };
		33BF8D7F1C2ED795003A1A15 /* LaunchScreen.storyboard in Resources */ = {isa = PBXBuildFile; fileRef = 33BF8D7D1C2ED795003A1A15 /* LaunchScreen.storyboard */; };
		33BF8D8A1C2ED795003A1A15 /* Swift05_ValueDelivery01Tests.swift in Sources */ = {isa = PBXBuildFile; fileRef = 33BF8D891C2ED795003A1A15 /* Swift05_ValueDelivery01Tests.swift */; };
		33BF8D951C2ED795003A1A15 /* Swift05_ValueDelivery01UITests.swift in Sources */ = {isa = PBXBuildFile; fileRef = 33BF8D941C2ED795003A1A15 /* Swift05_ValueDelivery01UITests.swift */; };
/* End PBXBuildFile section */

/* Begin PBXContainerItemProxy section */
		33BF8D861C2ED795003A1A15 /* PBXContainerItemProxy */ = {
			isa = PBXContainerItemProxy;
			containerPortal = 33BF8D691C2ED794003A1A15 /* Project object */;
			proxyType = 1;
			remoteGlobalIDString = 33BF8D701C2ED794003A1A15;
			remoteInfo = "Swift05-ValueDelivery01";
		};
		33BF8D911C2ED795003A1A15 /* PBXContainerItemProxy */ = {
			isa = PBXContainerItemProxy;
			containerPortal = 33BF8D691C2ED794003A1A15 /* Project object */;
			proxyType = 1;
			remoteGlobalIDString = 33BF8D701C2ED794003A1A15;
			remoteInfo = "Swift05-ValueDelivery01";
		};
/* End PBXContainerItemProxy section */

/* Begin PBXFileReference section */
		33A15ACB1C2FFD2A00C79B3B /* ResultViewController.swift */ = {isa = PBXFileReference; fileEncoding = 4; lastKnownFileType = sourcecode.swift; path = ResultViewController.swift; sourceTree = "<group>"; };
		33BF8D711C2ED794003A1A15 /* Swift05-ValueDelivery01.app */ = {isa = PBXFileReference; explicitFileType = wrapper.application; includeInIndex = 0; path = "Swift05-ValueDelivery01.app"; sourceTree = BUILT_PRODUCTS_DIR; };
		33BF8D741C2ED794003A1A15 /* AppDelegate.swift */ = {isa = PBXFileReference; lastKnownFileType = sourcecode.swift; path = AppDelegate.swift; sourceTree = "<group>"; };
		33BF8D761C2ED794003A1A15 /* ViewController.swift */ = {isa = PBXFileReference; lastKnownFileType = sourcecode.swift; path = ViewController.swift; sourceTree = "<group>"; };
		33BF8D791C2ED795003A1A15 /* Base */ = {isa = PBXFileReference; lastKnownFileType = file.storyboard; name = Base; path = Base.lproj/Main.storyboard; sourceTree = "<group>"; };
		33BF8D7B1C2ED795003A1A15 /* Assets.xcassets */ = {isa = PBXFileReference; lastKnownFileType = folder.assetcatalog; path = Assets.xcassets; sourceTree = "<group>"; };
		33BF8D7E1C2ED795003A1A15 /* Base */ = {isa = PBXFileReference; lastKnownFileType = file.storyboard; name = Base; path = Base.lproj/LaunchScreen.storyboard; sourceTree = "<group>"; };
		33BF8D801C2ED795003A1A15 /* Info.plist */ = {isa = PBXFileReference; lastKnownFileType = text.plist.xml; path = Info.plist; sourceTree = "<group>"; };
		33BF8D851C2ED795003A1A15 /* Swift05-ValueDelivery01Tests.xctest */ = {isa = PBXFileReference; explicitFileType = wrapper.cfbundle; includeInIndex = 0; path = "Swift05-ValueDelivery01Tests.xctest"; sourceTree = BUILT_PRODUCTS_DIR; };
		33BF8D891C2ED795003A1A15 /* Swift05_ValueDelivery01Tests.swift */ = {isa = PBXFileReference; lastKnownFileType = sourcecode.swift; path = Swift05_ValueDelivery01Tests.swift; sourceTree = "<group>"; };
		33BF8D8B1C2ED795003A1A15 /* Info.plist */ = {isa = PBXFileReference; lastKnownFileType = text.plist.xml; path = Info.plist; sourceTree = "<group>"; };
		33BF8D901C2ED795003A1A15 /* Swift05-ValueDelivery01UITests.xctest */ = {isa = PBXFileReference; explicitFileType = wrapper.cfbundle; includeInIndex = 0; path = "Swift05-ValueDelivery01UITests.xctest"; sourceTree = BUILT_PRODUCTS_DIR; };
		33BF8D941C2ED795003A1A15 /* Swift05_ValueDelivery01UITests.swift */ = {isa = PBXFileReference; lastKnownFileType = sourcecode.swift; path = Swift05_ValueDelivery01UITests.swift; sourceTree = "<group>"; };
		33BF8D961C2ED795003A1A15 /* Info.plist */ = {isa = PBXFileReference; lastKnownFileType = text.plist.xml; path = Info.plist; sourceTree = "<group>"; };
/* End PBXFileReference section */

/* Begin PBXFrameworksBuildPhase section */
		33BF8D6E1C2ED794003A1A15 /* Frameworks */ = {
			isa = PBXFrameworksBuildPhase;
			buildActionMask = 2147483647;
			files = (
			);
			runOnlyForDeploymentPostprocessing = 0;
		};
		33BF8D821C2ED795003A1A15 /* Frameworks */ = {
			isa = PBXFrameworksBuildPhase;
			buildActionMask = 2147483647;
			files = (
			);
			runOnlyForDeploymentPostprocessing = 0;
		};
		33BF8D8D1C2ED795003A1A15 /* Frameworks */ = {
			isa = PBXFrameworksBuildPhase;
			buildActionMask = 2147483647;
			files = (
			);
			runOnlyForDeploymentPostprocessing = 0;
		};
/* End PBXFrameworksBuildPhase section */

/* Begin PBXGroup section */
		33BF8D681C2ED794003A1A15 = {
			isa = PBXGroup;
			children = (
				33BF8D731C2ED794003A1A15 /* Swift05-ValueDelivery01 */,
				33BF8D881C2ED795003A1A15 /* Swift05-ValueDelivery01Tests */,
				33BF8D931C2ED795003A1A15 /* Swift05-ValueDelivery01UITests */,
				33BF8D721C2ED794003A1A15 /* Products */,
			);
			sourceTree = "<group>";
		};
		33BF8D721C2ED794003A1A15 /* Products */ = {
			isa = PBXGroup;
			children = (
				33BF8D711C2ED794003A1A15 /* Swift05-ValueDelivery01.app */,
				33BF8D851C2ED795003A1A15 /* Swift05-ValueDelivery01Tests.xctest */,
				33BF8D901C2ED795003A1A15 /* Swift05-ValueDelivery01UITests.xctest */,
			);
			name = Products;
			sourceTree = "<group>";
		};
		33BF8D731C2ED794003A1A15 /* Swift05-ValueDelivery01 */ = {
			isa = PBXGroup;
			children = (
				33BF8D741C2ED794003A1A15 /* AppDelegate.swift */,
				33BF8D761C2ED794003A1A15 /* ViewController.swift */,
				33A15ACB1C2FFD2A00C79B3B /* ResultViewController.swift */,
				33BF8D781C2ED795003A1A15 /* Main.storyboard */,
				33BF8D7B1C2ED795003A1A15 /* Assets.xcassets */,
				33BF8D7D1C2ED795003A1A15 /* LaunchScreen.storyboard */,
				33BF8D801C2ED795003A1A15 /* Info.plist */,
			);
			path = "Swift05-ValueDelivery01";
			sourceTree = "<group>";
		};
		33BF8D881C2ED795003A1A15 /* Swift05-ValueDelivery01Tests */ = {
			isa = PBXGroup;
			children = (
				33BF8D891C2ED795003A1A15 /* Swift05_ValueDelivery01Tests.swift */,
				33BF8D8B1C2ED795003A1A15 /* Info.plist */,
			);
			path = "Swift05-ValueDelivery01Tests";
			sourceTree = "<group>";
		};
		33BF8D931C2ED795003A1A15 /* Swift05-ValueDelivery01UITests */ = {
			isa = PBXGroup;
			children = (
				33BF8D941C2ED795003A1A15 /* Swift05_ValueDelivery01UITests.swift */,
				33BF8D961C2ED795003A1A15 /* Info.plist */,
			);
			path = "Swift05-ValueDelivery01UITests";
			sourceTree = "<group>";
		};
/* End PBXGroup section */

/* Begin PBXNativeTarget section */
		33BF8D701C2ED794003A1A15 /* Swift05-ValueDelivery01 */ = {
			isa = PBXNativeTarget;
			buildConfigurationList = 33BF8D991C2ED795003A1A15 /* Build configuration list for PBXNativeTarget "Swift05-ValueDelivery01" */;
			buildPhases = (
				33BF8D6D1C2ED794003A1A15 /* Sources */,
				33BF8D6E1C2ED794003A1A15 /* Frameworks */,
				33BF8D6F1C2ED794003A1A15 /* Resources */,
			);
			buildRules = (
			);
			dependencies = (
			);
			name = "Swift05-ValueDelivery01";
			productName = "Swift05-ValueDelivery01";
			productReference = 33BF8D711C2ED794003A1A15 /* Swift05-ValueDelivery01.app */;
			productType = "com.apple.product-type.application";
		};
		33BF8D841C2ED795003A1A15 /* Swift05-ValueDelivery01Tests */ = {
			isa = PBXNativeTarget;
			buildConfigurationList = 33BF8D9C1C2ED795003A1A15 /* Build configuration list for PBXNativeTarget "Swift05-ValueDelivery01Tests" */;
			buildPhases = (
				33BF8D811C2ED795003A1A15 /* Sources */,
				33BF8D821C2ED795003A1A15 /* Frameworks */,
				33BF8D831C2ED795003A1A15 /* Resources */,
			);
			buildRules = (
			);
			dependencies = (
				33BF8D871C2ED795003A1A15 /* PBXTargetDependency */,
			);
			name = "Swift05-ValueDelivery01Tests";
			productName = "Swift05-ValueDelivery01Tests";
			productReference = 33BF8D851C2ED795003A1A15 /* Swift05-ValueDelivery01Tests.xctest */;
			productType = "com.apple.product-type.bundle.unit-test";
		};
		33BF8D8F1C2ED795003A1A15 /* Swift05-ValueDelivery01UITests */ = {
			isa = PBXNativeTarget;
			buildConfigurationList = 33BF8D9F1C2ED795003A1A15 /* Build configuration list for PBXNativeTarget "Swift05-ValueDelivery01UITests" */;
			buildPhases = (
				33BF8D8C1C2ED795003A1A15 /* Sources */,
				33BF8D8D1C2ED795003A1A15 /* Frameworks */,
				33BF8D8E1C2ED795003A1A15 /* Resources */,
			);
			buildRules = (
			);
			dependencies = (
				33BF8D921C2ED795003A1A15 /* PBXTargetDependency */,
			);
			name = "Swift05-ValueDelivery01UITests";
			productName = "Swift05-ValueDelivery01UITests";
			productReference = 33BF8D901C2ED795003A1A15 /* Swift05-ValueDelivery01UITests.xctest */;
			productType = "com.apple.product-type.bundle.ui-testing";
		};
/* End PBXNativeTarget section */

/* Begin PBXProject section */
		33BF8D691C2ED794003A1A15 /* Project object */ = {
			isa = PBXProject;
			attributes = {
				LastSwiftUpdateCheck = 0720;
				LastUpgradeCheck = 0720;
				ORGANIZATIONNAME = Nebula_MAC;
				TargetAttributes = {
					33BF8D701C2ED794003A1A15 = {
						CreatedOnToolsVersion = 7.2;
						DevelopmentTeam = FF89HDESAD;
					};
					33BF8D841C2ED795003A1A15 = {
						CreatedOnToolsVersion = 7.2;
						DevelopmentTeam = FF89HDESAD;
						TestTargetID = 33BF8D701C2ED794003A1A15;
					};
					33BF8D8F1C2ED795003A1A15 = {
						CreatedOnToolsVersion = 7.2;
						DevelopmentTeam = FF89HDESAD;
						TestTargetID = 33BF8D701C2ED794003A1A15;
					};
				};
			};
			buildConfigurationList = 33BF8D6C1C2ED794003A1A15 /* Build configuration list for PBXProject "Swift05-ValueDelivery01" */;
			compatibilityVersion = "Xcode 3.2";
			developmentRegion = English;
			hasScannedForEncodings = 0;
			knownRegions = (
				en,
				Base,
			);
			mainGroup = 33BF8D681C2ED794003A1A15;
			productRefGroup = 33BF8D721C2ED794003A1A15 /* Products */;
			projectDirPath = "";
			projectRoot = "";
			targets = (
				33BF8D701C2ED794003A1A15 /* Swift05-ValueDelivery01 */,
				33BF8D841C2ED795003A1A15 /* Swift05-ValueDelivery01Tests */,
				33BF8D8F1C2ED795003A1A15 /* Swift05-ValueDelivery01UITests */,
			);
		};
/* End PBXProject section */

/* Begin PBXResourcesBuildPhase section */
		33BF8D6F1C2ED794003A1A15 /* Resources */ = {
			isa = PBXResourcesBuildPhase;
			buildActionMask = 2147483647;
			files = (
				33BF8D7F1C2ED795003A1A15 /* LaunchScreen.storyboard in Resources */,
				33BF8D7C1C2ED795003A1A15 /* Assets.xcassets in Resources */,
				33BF8D7A1C2ED795003A1A15 /* Main.storyboard in Resources */,
			);
			runOnlyForDeploymentPostprocessing = 0;
		};
		33BF8D831C2ED795003A1A15 /* Resources */ = {
			isa = PBXResourcesBuildPhase;
			buildActionMask = 2147483647;
			files = (
			);
			runOnlyForDeploymentPostprocessing = 0;
		};
		33BF8D8E1C2ED795003A1A15 /* Resources */ = {
			isa = PBXResourcesBuildPhase;
			buildActionMask = 2147483647;
			files = (
			);
			runOnlyForDeploymentPostprocessing = 0;
		};
/* End PBXResourcesBuildPhase section */

/* Begin PBXSourcesBuildPhase section */
		33BF8D6D1C2ED794003A1A15 /* Sources */ = {
			isa = PBXSourcesBuildPhase;
			buildActionMask = 2147483647;
			files = (
				33BF8D771C2ED794003A1A15 /* ViewController.swift in Sources */,
				33BF8D751C2ED794003A1A15 /* AppDelegate.swift in Sources */,
				33A15ACC1C2FFD2A00C79B3B /* ResultViewController.swift in Sources */,
			);
			runOnlyForDeploymentPostprocessing = 0;
		};
		33BF8D811C2ED795003A1A15 /* Sources */ = {
			isa = PBXSourcesBuildPhase;
			buildActionMask = 2147483647;
			files = (
				33BF8D8A1C2ED795003A1A15 /* Swift05_ValueDelivery01Tests.swift in Sources */,
			);
			runOnlyForDeploymentPostprocessing = 0;
		};
		33BF8D8C1C2ED795003A1A15 /* Sources */ = {
			isa = PBXSourcesBuildPhase;
			buildActionMask = 2147483647;
			files = (
				33BF8D951C2ED795003A1A15 /* Swift05_ValueDelivery01UITests.swift in Sources */,
			);
			runOnlyForDeploymentPostprocessing = 0;
		};
/* End PBXSourcesBuildPhase section */

/* Begin PBXTargetDependency section */
		33BF8D871C2ED795003A1A15 /* PBXTargetDependency */ = {
			isa = PBXTargetDependency;
			target = 33BF8D701C2ED794003A1A15 /* Swift05-ValueDelivery01 */;
			targetProxy = 33BF8D861C2ED795003A1A15 /* PBXContainerItemProxy */;
		};
		33BF8D921C2ED795003A1A15 /* PBXTargetDependency */ = {
			isa = PBXTargetDependency;
			target = 33BF8D701C2ED794003A1A15 /* Swift05-ValueDelivery01 */;
			targetProxy = 33BF8D911C2ED795003A1A15 /* PBXContainerItemProxy */;
		};
/* End PBXTargetDependency section */

/* Begin PBXVariantGroup section */
		33BF8D781C2ED795003A1A15 /* Main.storyboard */ = {
			isa = PBXVariantGroup;
			children = (
				33BF8D791C2ED795003A1A15 /* Base */,
			);
			name = Main.storyboard;
			sourceTree = "<group>";
		};
		33BF8D7D1C2ED795003A1A15 /* LaunchScreen.storyboard */ = {
			isa = PBXVariantGroup;
			children = (
				33BF8D7E1C2ED795003A1A15 /* Base */,
			);
			name = LaunchScreen.storyboard;
			sourceTree = "<group>";
		};
/* End PBXVariantGroup section */

/* Begin XCBuildConfiguration section */
		33BF8D971C2ED795003A1A15 /* Debug */ = {
			isa = XCBuildConfiguration;
			buildSettings = {
				ALWAYS_SEARCH_USER_PATHS = NO;
				CLANG_CXX_LANGUAGE_STANDARD = "gnu++0x";
				CLANG_CXX_LIBRARY = "libc++";
				CLANG_ENABLE_MODULES = YES;
				CLANG_ENABLE_OBJC_ARC = YES;
				CLANG_WARN_BOOL_CONVERSION = YES;
				CLANG_WARN_CONSTANT_CONVERSION = YES;
				CLANG_WARN_DIRECT_OBJC_ISA_USAGE = YES_ERROR;
				CLANG_WARN_EMPTY_BODY = YES;
				CLANG_WARN_ENUM_CONVERSION = YES;
				CLANG_WARN_INT_CONVERSION = YES;
				CLANG_WARN_OBJC_ROOT_CLASS = YES_ERROR;
				CLANG_WARN_UNREACHABLE_CODE = YES;
				CLANG_WARN__DUPLICATE_METHOD_MATCH = YES;
				"CODE_SIGN_IDENTITY[sdk=iphoneos*]" = "iPhone Developer";
				COPY_PHASE_STRIP = NO;
				DEBUG_INFORMATION_FORMAT = dwarf;
				ENABLE_STRICT_OBJC_MSGSEND = YES;
				ENABLE_TESTABILITY = YES;
				GCC_C_LANGUAGE_STANDARD = gnu99;
				GCC_DYNAMIC_NO_PIC = NO;
				GCC_NO_COMMON_BLOCKS = YES;
				GCC_OPTIMIZATION_LEVEL = 0;
				GCC_PREPROCESSOR_DEFINITIONS = (
					"DEBUG=1",
					"$(inherited)",
				);
				GCC_WARN_64_TO_32_BIT_CONVERSION = YES;
				GCC_WARN_ABOUT_RETURN_TYPE = YES_ERROR;
				GCC_WARN_UNDECLARED_SELECTOR = YES;
				GCC_WARN_UNINITIALIZED_AUTOS = YES_AGGRESSIVE;
				GCC_WARN_UNUSED_FUNCTION = YES;
				GCC_WARN_UNUSED_VARIABLE = YES;
				IPHONEOS_DEPLOYMENT_TARGET = 9.2;
				MTL_ENABLE_DEBUG_INFO = YES;
				ONLY_ACTIVE_ARCH = YES;
				SDKROOT = iphoneos;
				SWIFT_OPTIMIZATION_LEVEL = "-Onone";
			};
			name = Debug;
		};
		33BF8D981C2ED795003A1A15 /* Release */ = {
			isa = XCBuildConfiguration;
			buildSettings = {
				ALWAYS_SEARCH_USER_PATHS = NO;
				CLANG_CXX_LANGUAGE_STANDARD = "gnu++0x";
				CLANG_CXX_LIBRARY = "libc++";
				CLANG_ENABLE_MODULES = YES;
				CLANG_ENABLE_OBJC_ARC = YES;
				CLANG_WARN_BOOL_CONVERSION = YES;
				CLANG_WARN_CONSTANT_CONVERSION = YES;
				CLANG_WARN_DIRECT_OBJC_ISA_USAGE = YES_ERROR;
				CLANG_WARN_EMPTY_BODY = YES;
				CLANG_WARN_ENUM_CONVERSION = YES;
				CLANG_WARN_INT_CONVERSION = YES;
				CLANG_WARN_OBJC_ROOT_CLASS = YES_ERROR;
				CLANG_WARN_UNREACHABLE_CODE = YES;
				CLANG_WARN__DUPLICATE_METHOD_MATCH = YES;
				"CODE_SIGN_IDENTITY[sdk=iphoneos*]" = "iPhone Developer";
				COPY_PHASE_STRIP = NO;
				DEBUG_INFORMATION_FORMAT = "dwarf-with-dsym";
				ENABLE_NS_ASSERTIONS = NO;
				ENABLE_STRICT_OBJC_MSGSEND = YES;
				GCC_C_LANGUAGE_STANDARD = gnu99;
				GCC_NO_COMMON_BLOCKS = YES;
				GCC_WARN_64_TO_32_BIT_CONVERSION = YES;
				GCC_WARN_ABOUT_RETURN_TYPE = YES_ERROR;
				GCC_WARN_UNDECLARED_SELECTOR = YES;
				GCC_WARN_UNINITIALIZED_AUTOS = YES_AGGRESSIVE;
				GCC_WARN_UNUSED_FUNCTION = YES;
				GCC_WARN_UNUSED_VARIABLE = YES;
				IPHONEOS_DEPLOYMENT_TARGET = 9.2;
				MTL_ENABLE_DEBUG_INFO = NO;
				SDKROOT = iphoneos;
				VALIDATE_PRODUCT = YES;
			};
			name = Release;
		};
		33BF8D9A1C2ED795003A1A15 /* Debug */ = {
			isa = XCBuildConfiguration;
			buildSettings = {
				ASSETCATALOG_COMPILER_APPICON_NAME = AppIcon;
				INFOPLIST_FILE = "Swift05-ValueDelivery01/Info.plist";
				LD_RUNPATH_SEARCH_PATHS = "$(inherited) @executable_path/Frameworks";
				PRODUCT_BUNDLE_IDENTIFIER = "me.blog.tjddns1222.Swift05-ValueDelivery01";
				PRODUCT_NAME = "$(TARGET_NAME)";
			};
			name = Debug;
		};
		33BF8D9B1C2ED795003A1A15 /* Release */ = {
			isa = XCBuildConfiguration;
			buildSettings = {
				ASSETCATALOG_COMPILER_APPICON_NAME = AppIcon;
				INFOPLIST_FILE = "Swift05-ValueDelivery01/Info.plist";
				LD_RUNPATH_SEARCH_PATHS = "$(inherited) @executable_path/Frameworks";
				PRODUCT_BUNDLE_IDENTIFIER = "me.blog.tjddns1222.Swift05-ValueDelivery01";
				PRODUCT_NAME = "$(TARGET_NAME)";
			};
			name = Release;
		};
		33BF8D9D1C2ED795003A1A15 /* Debug */ = {
			isa = XCBuildConfiguration;
			buildSettings = {
				BUNDLE_LOADER = "$(TEST_HOST)";
				INFOPLIST_FILE = "Swift05-ValueDelivery01Tests/Info.plist";
				LD_RUNPATH_SEARCH_PATHS = "$(inherited) @executable_path/Frameworks @loader_path/Frameworks";
				PRODUCT_BUNDLE_IDENTIFIER = "me.blog.tjddns1222.Swift05-ValueDelivery01Tests";
				PRODUCT_NAME = "$(TARGET_NAME)";
				TEST_HOST = "$(BUILT_PRODUCTS_DIR)/Swift05-ValueDelivery01.app/Swift05-ValueDelivery01";
			};
			name = Debug;
		};
		33BF8D9E1C2ED795003A1A15 /* Release */ = {
			isa = XCBuildConfiguration;
			buildSettings = {
				BUNDLE_LOADER = "$(TEST_HOST)";
				INFOPLIST_FILE = "Swift05-ValueDelivery01Tests/Info.plist";
				LD_RUNPATH_SEARCH_PATHS = "$(inherited) @executable_path/Frameworks @loader_path/Frameworks";
				PRODUCT_BUNDLE_IDENTIFIER = "me.blog.tjddns1222.Swift05-ValueDelivery01Tests";
				PRODUCT_NAME = "$(TARGET_NAME)";
				TEST_HOST = "$(BUILT_PRODUCTS_DIR)/Swift05-ValueDelivery01.app/Swift05-ValueDelivery01";
			};
			name = Release;
		};
		33BF8DA01C2ED795003A1A15 /* Debug */ = {
			isa = XCBuildConfiguration;
			buildSettings = {
				INFOPLIST_FILE = "Swift05-ValueDelivery01UITests/Info.plist";
				LD_RUNPATH_SEARCH_PATHS = "$(inherited) @executable_path/Frameworks @loader_path/Frameworks";
				PRODUCT_BUNDLE_IDENTIFIER = "me.blog.tjddns1222.Swift05-ValueDelivery01UITests";
				PRODUCT_NAME = "$(TARGET_NAME)";
				TEST_TARGET_NAME = "Swift05-ValueDelivery01";
				USES_XCTRUNNER = YES;
			};
			name = Debug;
		};
		33BF8DA11C2ED795003A1A15 /* Release */ = {
			isa = XCBuildConfiguration;
			buildSettings = {
				INFOPLIST_FILE = "Swift05-ValueDelivery01UITests/Info.plist";
				LD_RUNPATH_SEARCH_PATHS = "$(inherited) @executable_path/Frameworks @loader_path/Frameworks";
				PRODUCT_BUNDLE_IDENTIFIER = "me.blog.tjddns1222.Swift05-ValueDelivery01UITests";
				PRODUCT_NAME = "$(TARGET_NAME)";
				TEST_TARGET_NAME = "Swift05-ValueDelivery01";
				USES_XCTRUNNER = YES;
			};
			name = Release;
		};
/* End XCBuildConfiguration section */

/* Begin XCConfigurationList section */
		33BF8D6C1C2ED794003A1A15 /* Build configuration list for PBXProject "Swift05-ValueDelivery01" */ = {
			isa = XCConfigurationList;
			buildConfigurations = (
				33BF8D971C2ED795003A1A15 /* Debug */,
				33BF8D981C2ED795003A1A15 /* Release */,
			);
			defaultConfigurationIsVisible = 0;
			defaultConfigurationName = Release;
		};
		33BF8D991C2ED795003A1A15 /* Build configuration list for PBXNativeTarget "Swift05-ValueDelivery01" */ = {
			isa = XCConfigurationList;
			buildConfigurations = (
				33BF8D9A1C2ED795003A1A15 /* Debug */,
				33BF8D9B1C2ED795003A1A15 /* Release */,
			);
			defaultConfigurationIsVisible = 0;
			defaultConfigurationName = Release;
		};
		33BF8D9C1C2ED795003A1A15 /* Build configuration list for PBXNativeTarget "Swift05-ValueDelivery01Tests" */ = {
			isa = XCConfigurationList;
			buildConfigurations = (
				33BF8D9D1C2ED795003A1A15 /* Debug */,
				33BF8D9E1C2ED795003A1A15 /* Release */,
			);
			defaultConfigurationIsVisible = 0;
			defaultConfigurationName = Release;
		};
		33BF8D9F1C2ED795003A1A15 /* Build configuration list for PBXNativeTarget "Swift05-ValueDelivery01UITests" */ = {
			isa = XCConfigurationList;
			buildConfigurations = (
				33BF8DA01C2ED795003A1A15 /* Debug */,
				33BF8DA11C2ED795003A1A15 /* Release */,
			);
			defaultConfigurationIsVisible = 0;
			defaultConfigurationName = Release;
		};
/* End XCConfigurationList section */
	};
	rootObject = 33BF8D691C2ED794003A1A15 /* Project object */;
}
